
Microsoft Visual Studio Solution File, Format Version 12.00
# Visual Studio Version 16
VisualStudioVersion = 16.0.32413.511
MinimumVisualStudioVersion = 10.0.40219.1
Project("{FAE04EC0-301F-11D3-BF4B-00C04F79EFBC}") = "AppFrontend.UWP", "AppFrontend.UWP\AppFrontend.UWP.csproj", "{BBAFA645-8B83-4BD8-9CD6-CED82D71C7D7}"
EndProject
Project("{FAE04EC0-301F-11D3-BF4B-00C04F79EFBC}") = "AppFrontend.Android", "AppFrontend.Android\AppFrontend.Android.csproj", "{1EDBEBE9-0455-4032-934F-7D0C1E4F39C1}"
EndProject
Project("{FAE04EC0-301F-11D3-BF4B-00C04F79EFBC}") = "AppFrontend.iOS", "AppFrontend.iOS\AppFrontend.iOS.csproj", "{59E3E99E-DA8E-4336-9B8B-A3E4754D0E22}"
EndProject
Project("{FAE04EC0-301F-11D3-BF4B-00C04F79EFBC}") = "AppFrontend", "AppFrontend\AppFrontend.csproj", "{7194170D-C94D-4556-A66F-A645507B90EB}"
EndProject
Global
	GlobalSection(SolutionConfigurationPlatforms) = preSolution
		Debug|Any CPU = Debug|Any CPU
		Debug|ARM = Debug|ARM
		Debug|iPhone = Debug|iPhone
		Debug|iPhoneSimulator = Debug|iPhoneSimulator
		Debug|x64 = Debug|x64
		Debug|x86 = Debug|x86
		Release|Any CPU = Release|Any CPU
		Release|ARM = Release|ARM
		Release|iPhone = Release|iPhone
		Release|iPhoneSimulator = Release|iPhoneSimulator
		Release|x64 = Release|x64
		Release|x86 = Release|x86
	EndGlobalSection
	GlobalSection(ProjectConfigurationPlatforms) = postSolution
		{BBAFA645-8B83-4BD8-9CD6-CED82D71C7D7}.Debug|Any CPU.ActiveCfg = Debug|x86
		{BBAFA645-8B83-4BD8-9CD6-CED82D71C7D7}.Debug|Any CPU.Build.0 = Debug|x86
		{BBAFA645-8B83-4BD8-9CD6-CED82D71C7D7}.Debug|Any CPU.Deploy.0 = Debug|x86
		{BBAFA645-8B83-4BD8-9CD6-CED82D71C7D7}.Debug|ARM.ActiveCfg = Debug|ARM
		{BBAFA645-8B83-4BD8-9CD6-CED82D71C7D7}.Debug|ARM.Build.0 = Debug|ARM
		{BBAFA645-8B83-4BD8-9CD6-CED82D71C7D7}.Debug|ARM.Deploy.0 = Debug|ARM
		{BBAFA645-8B83-4BD8-9CD6-CED82D71C7D7}.Debug|iPhone.ActiveCfg = Debug|x86
		{BBAFA645-8B83-4BD8-9CD6-CED82D71C7D7}.Debug|iPhone.Build.0 = Debug|x86
		{BBAFA645-8B83-4BD8-9CD6-CED82D71C7D7}.Debug|iPhone.Deploy.0 = Debug|x86
		{BBAFA645-8B83-4BD8-9CD6-CED82D71C7D7}.Debug|iPhoneSimulator.ActiveCfg = Debug|x86
		{BBAFA645-8B83-4BD8-9CD6-CED82D71C7D7}.Debug|iPhoneSimulator.Build.0 = Debug|x86
		{BBAFA645-8B83-4BD8-9CD6-CED82D71C7D7}.Debug|iPhoneSimulator.Deploy.0 = Debug|x86
		{BBAFA645-8B83-4BD8-9CD6-CED82D71C7D7}.Debug|x64.ActiveCfg = Debug|x64
		{BBAFA645-8B83-4BD8-9CD6-CED82D71C7D7}.Debug|x64.Build.0 = Debug|x64
		{BBAFA645-8B83-4BD8-9CD6-CED82D71C7D7}.Debug|x64.Deploy.0 = Debug|x64
		{BBAFA645-8B83-4BD8-9CD6-CED82D71C7D7}.Debug|x86.ActiveCfg = Debug|x86
		{BBAFA645-8B83-4BD8-9CD6-CED82D71C7D7}.Debug|x86.Build.0 = Debug|x86
		{BBAFA645-8B83-4BD8-9CD6-CED82D71C7D7}.Debug|x86.Deploy.0 = Debug|x86
		{BBAFA645-8B83-4BD8-9CD6-CED82D71C7D7}.Release|Any CPU.ActiveCfg = Release|x86
		{BBAFA645-8B83-4BD8-9CD6-CED82D71C7D7}.Release|Any CPU.Build.0 = Release|x86
		{BBAFA645-8B83-4BD8-9CD6-CED82D71C7D7}.Release|Any CPU.Deploy.0 = Release|x86
		{BBAFA645-8B83-4BD8-9CD6-CED82D71C7D7}.Release|ARM.ActiveCfg = Release|ARM
		{BBAFA645-8B83-4BD8-9CD6-CED82D71C7D7}.Release|ARM.Build.0 = Release|ARM
		{BBAFA645-8B83-4BD8-9CD6-CED82D71C7D7}.Release|ARM.Deploy.0 = Release|ARM
		{BBAFA645-8B83-4BD8-9CD6-CED82D71C7D7}.Release|iPhone.ActiveCfg = Release|x86
		{BBAFA645-8B83-4BD8-9CD6-CED82D71C7D7}.Release|iPhone.Build.0 = Release|x86
		{BBAFA645-8B83-4BD8-9CD6-CED82D71C7D7}.Release|iPhone.Deploy.0 = Release|x86
		{BBAFA645-8B83-4BD8-9CD6-CED82D71C7D7}.Release|iPhoneSimulator.ActiveCfg = Release|x86
		{BBAFA645-8B83-4BD8-9CD6-CED82D71C7D7}.Release|iPhoneSimulator.Build.0 = Release|x86
		{BBAFA645-8B83-4BD8-9CD6-CED82D71C7D7}.Release|iPhoneSimulator.Deploy.0 = Release|x86
		{BBAFA645-8B83-4BD8-9CD6-CED82D71C7D7}.Release|x64.ActiveCfg = Release|x64
		{BBAFA645-8B83-4BD8-9CD6-CED82D71C7D7}.Release|x64.Build.0 = Release|x64
		{BBAFA645-8B83-4BD8-9CD6-CED82D71C7D7}.Release|x64.Deploy.0 = Release|x64
		{BBAFA645-8B83-4BD8-9CD6-CED82D71C7D7}.Release|x86.ActiveCfg = Release|x86
		{BBAFA645-8B83-4BD8-9CD6-CED82D71C7D7}.Release|x86.Build.0 = Release|x86
		{BBAFA645-8B83-4BD8-9CD6-CED82D71C7D7}.Release|x86.Deploy.0 = Release|x86
		{1EDBEBE9-0455-4032-934F-7D0C1E4F39C1}.Debug|Any CPU.ActiveCfg = Debug|Any CPU
		{1EDBEBE9-0455-4032-934F-7D0C1E4F39C1}.Debug|Any CPU.Build.0 = Debug|Any CPU
		{1EDBEBE9-0455-4032-934F-7D0C1E4F39C1}.Debug|Any CPU.Deploy.0 = Debug|Any CPU
		{1EDBEBE9-0455-4032-934F-7D0C1E4F39C1}.Debug|ARM.ActiveCfg = Debug|Any CPU
		{1EDBEBE9-0455-4032-934F-7D0C1E4F39C1}.Debug|ARM.Build.0 = Debug|Any CPU
		{1EDBEBE9-0455-4032-934F-7D0C1E4F39C1}.Debug|ARM.Deploy.0 = Debug|Any CPU
		{1EDBEBE9-0455-4032-934F-7D0C1E4F39C1}.Debug|iPhone.ActiveCfg = Debug|Any CPU
		{1EDBEBE9-0455-4032-934F-7D0C1E4F39C1}.Debug|iPhone.Build.0 = Debug|Any CPU
		{1EDBEBE9-0455-4032-934F-7D0C1E4F39C1}.Debug|iPhone.Deploy.0 = Debug|Any CPU
		{1EDBEBE9-0455-4032-934F-7D0C1E4F39C1}.Debug|iPhoneSimulator.ActiveCfg = Debug|Any CPU
		{1EDBEBE9-0455-4032-934F-7D0C1E4F39C1}.Debug|iPhoneSimulator.Build.0 = Debug|Any CPU
		{1EDBEBE9-0455-4032-934F-7D0C1E4F39C1}.Debug|iPhoneSimulator.Deploy.0 = Debug|Any CPU
		{1EDBEBE9-0455-4032-934F-7D0C1E4F39C1}.Debug|x64.ActiveCfg = Debug|Any CPU
		{1EDBEBE9-0455-4032-934F-7D0C1E4F39C1}.Debug|x64.Build.0 = Debug|Any CPU
		{1EDBEBE9-0455-4032-934F-7D0C1E4F39C1}.Debug|x64.Deploy.0 = Debug|Any CPU
		{1EDBEBE9-0455-4032-934F-7D0C1E4F39C1}.Debug|x86.ActiveCfg = Debug|Any CPU
		{1EDBEBE9-0455-4032-934F-7D0C1E4F39C1}.Debug|x86.Build.0 = Debug|Any CPU
		{1EDBEBE9-0455-4032-934F-7D0C1E4F39C1}.Debug|x86.Deploy.0 = Debug|Any CPU
		{1EDBEBE9-0455-4032-934F-7D0C1E4F39C1}.Release|Any CPU.ActiveCfg = Release|Any CPU
		{1EDBEBE9-0455-4032-934F-7D0C1E4F39C1}.Release|Any CPU.Build.0 = Release|Any CPU
		{1EDBEBE9-0455-4032-934F-7D0C1E4F39C1}.Release|Any CPU.Deploy.0 = Release|Any CPU
		{1EDBEBE9-0455-4032-934F-7D0C1E4F39C1}.Release|ARM.ActiveCfg = Release|Any CPU
		{1EDBEBE9-0455-4032-934F-7D0C1E4F39C1}.Release|ARM.Build.0 = Release|Any CPU
		{1EDBEBE9-0455-4032-934F-7D0C1E4F39C1}.Release|ARM.Deploy.0 = Release|Any CPU
		{1EDBEBE9-0455-4032-934F-7D0C1E4F39C1}.Release|iPhone.ActiveCfg = Release|Any CPU
		{1EDBEBE9-0455-4032-934F-7D0C1E4F39C1}.Release|iPhone.Build.0 = Release|Any CPU
		{1EDBEBE9-0455-4032-934F-7D0C1E4F39C1}.Release|iPhone.Deploy.0 = Release|Any CPU
		{1EDBEBE9-0455-4032-934F-7D0C1E4F39C1}.Release|iPhoneSimulator.ActiveCfg = Release|Any CPU
		{1EDBEBE9-0455-4032-934F-7D0C1E4F39C1}.Release|iPhoneSimulator.Build.0 = Release|Any CPU
		{1EDBEBE9-0455-4032-934F-7D0C1E4F39C1}.Release|iPhoneSimulator.Deploy.0 = Release|Any CPU
		{1EDBEBE9-0455-4032-934F-7D0C1E4F39C1}.Release|x64.ActiveCfg = Release|Any CPU
		{1EDBEBE9-0455-4032-934F-7D0C1E4F39C1}.Release|x64.Build.0 = Release|Any CPU
		{1EDBEBE9-0455-4032-934F-7D0C1E4F39C1}.Release|x64.Deploy.0 = Release|Any CPU
		{1EDBEBE9-0455-4032-934F-7D0C1E4F39C1}.Release|x86.ActiveCfg = Release|Any CPU
		{1EDBEBE9-0455-4032-934F-7D0C1E4F39C1}.Release|x86.Build.0 = Release|Any CPU
		{1EDBEBE9-0455-4032-934F-7D0C1E4F39C1}.Release|x86.Deploy.0 = Release|Any CPU
		{59E3E99E-DA8E-4336-9B8B-A3E4754D0E22}.Debug|Any CPU.ActiveCfg = Debug|iPhoneSimulator
		{59E3E99E-DA8E-4336-9B8B-A3E4754D0E22}.Debug|Any CPU.Build.0 = Debug|iPhoneSimulator
		{59E3E99E-DA8E-4336-9B8B-A3E4754D0E22}.Debug|Any CPU.Deploy.0 = Debug|iPhoneSimulator
		{59E3E99E-DA8E-4336-9B8B-A3E4754D0E22}.Debug|ARM.ActiveCfg = Debug|iPhone
		{59E3E99E-DA8E-4336-9B8B-A3E4754D0E22}.Debug|ARM.Build.0 = Debug|iPhone
		{59E3E99E-DA8E-4336-9B8B-A3E4754D0E22}.Debug|ARM.Deploy.0 = Debug|iPhone
		{59E3E99E-DA8E-4336-9B8B-A3E4754D0E22}.Debug|iPhone.ActiveCfg = Debug|iPhone
		{59E3E99E-DA8E-4336-9B8B-A3E4754D0E22}.Debug|iPhone.Build.0 = Debug|iPhone
		{59E3E99E-DA8E-4336-9B8B-A3E4754D0E22}.Debug|iPhone.Deploy.0 = Debug|iPhone
		{59E3E99E-DA8E-4336-9B8B-A3E4754D0E22}.Debug|iPhoneSimulator.ActiveCfg = Debug|iPhoneSimulator
		{59E3E99E-DA8E-4336-9B8B-A3E4754D0E22}.Debug|iPhoneSimulator.Build.0 = Debug|iPhoneSimulator
		{59E3E99E-DA8E-4336-9B8B-A3E4754D0E22}.Debug|iPhoneSimulator.Deploy.0 = Debug|iPhoneSimulator
		{59E3E99E-DA8E-4336-9B8B-A3E4754D0E22}.Debug|x64.ActiveCfg = Debug|iPhoneSimulator
		{59E3E99E-DA8E-4336-9B8B-A3E4754D0E22}.Debug|x64.Build.0 = Debug|iPhoneSimulator
		{59E3E99E-DA8E-4336-9B8B-A3E4754D0E22}.Debug|x64.Deploy.0 = Debug|iPhoneSimulator
		{59E3E99E-DA8E-4336-9B8B-A3E4754D0E22}.Debug|x86.ActiveCfg = Debug|iPhoneSimulator
		{59E3E99E-DA8E-4336-9B8B-A3E4754D0E22}.Debug|x86.Build.0 = Debug|iPhoneSimulator
		{59E3E99E-DA8E-4336-9B8B-A3E4754D0E22}.Debug|x86.Deploy.0 = Debug|iPhoneSimulator
		{59E3E99E-DA8E-4336-9B8B-A3E4754D0E22}.Release|Any CPU.ActiveCfg = Release|iPhoneSimulator
		{59E3E99E-DA8E-4336-9B8B-A3E4754D0E22}.Release|Any CPU.Build.0 = Release|iPhoneSimulator
		{59E3E99E-DA8E-4336-9B8B-A3E4754D0E22}.Release|Any CPU.Deploy.0 = Release|iPhoneSimulator
		{59E3E99E-DA8E-4336-9B8B-A3E4754D0E22}.Release|ARM.ActiveCfg = Release|iPhoneSimulator
		{59E3E99E-DA8E-4336-9B8B-A3E4754D0E22}.Release|ARM.Build.0 = Release|iPhoneSimulator
		{59E3E99E-DA8E-4336-9B8B-A3E4754D0E22}.Release|ARM.Deploy.0 = Release|iPhoneSimulator
		{59E3E99E-DA8E-4336-9B8B-A3E4754D0E22}.Release|iPhone.ActiveCfg = Release|iPhone
		{59E3E99E-DA8E-4336-9B8B-A3E4754D0E22}.Release|iPhone.Build.0 = Release|iPhone
		{59E3E99E-DA8E-4336-9B8B-A3E4754D0E22}.Release|iPhone.Deploy.0 = Release|iPhone
		{59E3E99E-DA8E-4336-9B8B-A3E4754D0E22}.Release|iPhoneSimulator.ActiveCfg = Release|iPhoneSimulator
		{59E3E99E-DA8E-4336-9B8B-A3E4754D0E22}.Release|iPhoneSimulator.Build.0 = Release|iPhoneSimulator
		{59E3E99E-DA8E-4336-9B8B-A3E4754D0E22}.Release|iPhoneSimulator.Deploy.0 = Release|iPhoneSimulator
		{59E3E99E-DA8E-4336-9B8B-A3E4754D0E22}.Release|x64.ActiveCfg = Release|iPhoneSimulator
		{59E3E99E-DA8E-4336-9B8B-A3E4754D0E22}.Release|x64.Build.0 = Release|iPhoneSimulator
		{59E3E99E-DA8E-4336-9B8B-A3E4754D0E22}.Release|x64.Deploy.0 = Release|iPhoneSimulator
		{59E3E99E-DA8E-4336-9B8B-A3E4754D0E22}.Release|x86.ActiveCfg = Release|iPhoneSimulator
		{59E3E99E-DA8E-4336-9B8B-A3E4754D0E22}.Release|x86.Build.0 = Release|iPhoneSimulator
		{59E3E99E-DA8E-4336-9B8B-A3E4754D0E22}.Release|x86.Deploy.0 = Release|iPhoneSimulator
		{7194170D-C94D-4556-A66F-A645507B90EB}.Debug|Any CPU.ActiveCfg = Debug|Any CPU
		{7194170D-C94D-4556-A66F-A645507B90EB}.Debug|Any CPU.Build.0 = Debug|Any CPU
		{7194170D-C94D-4556-A66F-A645507B90EB}.Debug|Any CPU.Deploy.0 = Debug|Any CPU
		{7194170D-C94D-4556-A66F-A645507B90EB}.Debug|ARM.ActiveCfg = Debug|Any CPU
		{7194170D-C94D-4556-A66F-A645507B90EB}.Debug|ARM.Build.0 = Debug|Any CPU
		{7194170D-C94D-4556-A66F-A645507B90EB}.Debug|ARM.Deploy.0 = Debug|Any CPU
		{7194170D-C94D-4556-A66F-A645507B90EB}.Debug|iPhone.ActiveCfg = Debug|Any CPU
		{7194170D-C94D-4556-A66F-A645507B90EB}.Debug|iPhone.Build.0 = Debug|Any CPU
		{7194170D-C94D-4556-A66F-A645507B90EB}.Debug|iPhone.Deploy.0 = Debug|Any CPU
		{7194170D-C94D-4556-A66F-A645507B90EB}.Debug|iPhoneSimulator.ActiveCfg = Debug|Any CPU
		{7194170D-C94D-4556-A66F-A645507B90EB}.Debug|iPhoneSimulator.Build.0 = Debug|Any CPU
		{7194170D-C94D-4556-A66F-A645507B90EB}.Debug|iPhoneSimulator.Deploy.0 = Debug|Any CPU
		{7194170D-C94D-4556-A66F-A645507B90EB}.Debug|x64.ActiveCfg = Debug|Any CPU
		{7194170D-C94D-4556-A66F-A645507B90EB}.Debug|x64.Build.0 = Debug|Any CPU
		{7194170D-C94D-4556-A66F-A645507B90EB}.Debug|x64.Deploy.0 = Debug|Any CPU
		{7194170D-C94D-4556-A66F-A645507B90EB}.Debug|x86.ActiveCfg = Debug|Any CPU
		{7194170D-C94D-4556-A66F-A645507B90EB}.Debug|x86.Build.0 = Debug|Any CPU
		{7194170D-C94D-4556-A66F-A645507B90EB}.Debug|x86.Deploy.0 = Debug|Any CPU
		{7194170D-C94D-4556-A66F-A645507B90EB}.Release|Any CPU.ActiveCfg = Release|Any CPU
		{7194170D-C94D-4556-A66F-A645507B90EB}.Release|Any CPU.Build.0 = Release|Any CPU
		{7194170D-C94D-4556-A66F-A645507B90EB}.Release|Any CPU.Deploy.0 = Release|Any CPU
		{7194170D-C94D-4556-A66F-A645507B90EB}.Release|ARM.ActiveCfg = Release|Any CPU
		{7194170D-C94D-4556-A66F-A645507B90EB}.Release|ARM.Build.0 = Release|Any CPU
		{7194170D-C94D-4556-A66F-A645507B90EB}.Release|ARM.Deploy.0 = Release|Any CPU
		{7194170D-C94D-4556-A66F-A645507B90EB}.Release|iPhone.ActiveCfg = Release|Any CPU
		{7194170D-C94D-4556-A66F-A645507B90EB}.Release|iPhone.Build.0 = Release|Any CPU
		{7194170D-C94D-4556-A66F-A645507B90EB}.Release|iPhone.Deploy.0 = Release|Any CPU
		{7194170D-C94D-4556-A66F-A645507B90EB}.Release|iPhoneSimulator.ActiveCfg = Release|Any CPU
		{7194170D-C94D-4556-A66F-A645507B90EB}.Release|iPhoneSimulator.Build.0 = Release|Any CPU
		{7194170D-C94D-4556-A66F-A645507B90EB}.Release|iPhoneSimulator.Deploy.0 = Release|Any CPU
		{7194170D-C94D-4556-A66F-A645507B90EB}.Release|x64.ActiveCfg = Release|Any CPU
		{7194170D-C94D-4556-A66F-A645507B90EB}.Release|x64.Build.0 = Release|Any CPU
		{7194170D-C94D-4556-A66F-A645507B90EB}.Release|x64.Deploy.0 = Release|Any CPU
		{7194170D-C94D-4556-A66F-A645507B90EB}.Release|x86.ActiveCfg = Release|Any CPU
		{7194170D-C94D-4556-A66F-A645507B90EB}.Release|x86.Build.0 = Release|Any CPU
		{7194170D-C94D-4556-A66F-A645507B90EB}.Release|x86.Deploy.0 = Release|Any CPU
	EndGlobalSection
	GlobalSection(SolutionProperties) = preSolution
		HideSolutionNode = FALSE
	EndGlobalSection
	GlobalSection(ExtensibilityGlobals) = postSolution
		SolutionGuid = {7BEEB004-98DD-461D-A379-83EB40F38A8A}
	EndGlobalSection
EndGlobal
